
Microsoft Visual Studio Solution File, Format Version 12.00
# Visual Studio Version 16
VisualStudioVersion = 16.0.29519.87
MinimumVisualStudioVersion = 10.0.40219.1
Project("{2150E333-8FDC-42A3-9474-1A3956D46DE8}") = "SAM_Tas", "SAM_Tas", "{24011B5A-B3AF-4632-AB18-E8DB0F450C24}"
EndProject
Project("{FAE04EC0-301F-11D3-BF4B-00C04F79EFBC}") = "SAM.Core.Tas", "SAM_Tas\SAM.Core.Tas\SAM.Core.Tas.csproj", "{86DE2672-4961-4D74-A337-0933FDDAE79B}"
EndProject
Project("{2150E333-8FDC-42A3-9474-1A3956D46DE8}") = "Dynamo", "Dynamo", "{41EDF772-7CE9-4F51-A0EC-3D326A7D8621}"
EndProject
Project("{2150E333-8FDC-42A3-9474-1A3956D46DE8}") = "Grasshopper", "Grasshopper", "{06F63504-B0DA-4C13-8883-4F1906D72216}"
EndProject
Project("{FAE04EC0-301F-11D3-BF4B-00C04F79EFBC}") = "SAM_TasCoreDynamo", "Dynamo\SAM_TasCoreDynamo\SAM_TasCoreDynamo.csproj", "{1A127700-0F5D-4381-904B-F9446574B85F}"
EndProject
Project("{FAE04EC0-301F-11D3-BF4B-00C04F79EFBC}") = "SAM_Tas.Core.Grasshopper", "Grasshopper\SAM_Tas.Core.Grasshopper\SAM_Tas.Core.Grasshopper.csproj", "{B8F0EE34-A776-4518-ADA2-E047E468B47B}"
EndProject
Project("{FAE04EC0-301F-11D3-BF4B-00C04F79EFBC}") = "SAM.Analytical.Tas", "SAM_Tas\SAM.Analytical.Tas\SAM.Analytical.Tas.csproj", "{BF2443B1-0709-4E8C-B9FF-B8785D9253E4}"
EndProject
Global
	GlobalSection(SolutionConfigurationPlatforms) = preSolution
		Debug|Any CPU = Debug|Any CPU
		Release|Any CPU = Release|Any CPU
	EndGlobalSection
	GlobalSection(ProjectConfigurationPlatforms) = postSolution
		{86DE2672-4961-4D74-A337-0933FDDAE79B}.Debug|Any CPU.ActiveCfg = Debug|Any CPU
		{86DE2672-4961-4D74-A337-0933FDDAE79B}.Debug|Any CPU.Build.0 = Debug|Any CPU
		{86DE2672-4961-4D74-A337-0933FDDAE79B}.Release|Any CPU.ActiveCfg = Release|Any CPU
		{86DE2672-4961-4D74-A337-0933FDDAE79B}.Release|Any CPU.Build.0 = Release|Any CPU
		{1A127700-0F5D-4381-904B-F9446574B85F}.Debug|Any CPU.ActiveCfg = Debug|Any CPU
		{1A127700-0F5D-4381-904B-F9446574B85F}.Debug|Any CPU.Build.0 = Debug|Any CPU
		{1A127700-0F5D-4381-904B-F9446574B85F}.Release|Any CPU.ActiveCfg = Release|Any CPU
		{1A127700-0F5D-4381-904B-F9446574B85F}.Release|Any CPU.Build.0 = Release|Any CPU
		{B8F0EE34-A776-4518-ADA2-E047E468B47B}.Debug|Any CPU.ActiveCfg = Debug|Any CPU
		{B8F0EE34-A776-4518-ADA2-E047E468B47B}.Debug|Any CPU.Build.0 = Debug|Any CPU
		{B8F0EE34-A776-4518-ADA2-E047E468B47B}.Release|Any CPU.ActiveCfg = Release|Any CPU
		{B8F0EE34-A776-4518-ADA2-E047E468B47B}.Release|Any CPU.Build.0 = Release|Any CPU
		{BF2443B1-0709-4E8C-B9FF-B8785D9253E4}.Debug|Any CPU.ActiveCfg = Debug|Any CPU
		{BF2443B1-0709-4E8C-B9FF-B8785D9253E4}.Debug|Any CPU.Build.0 = Debug|Any CPU
		{BF2443B1-0709-4E8C-B9FF-B8785D9253E4}.Release|Any CPU.ActiveCfg = Release|Any CPU
		{BF2443B1-0709-4E8C-B9FF-B8785D9253E4}.Release|Any CPU.Build.0 = Release|Any CPU
	EndGlobalSection
	GlobalSection(SolutionProperties) = preSolution
		HideSolutionNode = FALSE
	EndGlobalSection
	GlobalSection(NestedProjects) = preSolution
		{86DE2672-4961-4D74-A337-0933FDDAE79B} = {24011B5A-B3AF-4632-AB18-E8DB0F450C24}
		{1A127700-0F5D-4381-904B-F9446574B85F} = {41EDF772-7CE9-4F51-A0EC-3D326A7D8621}
		{B8F0EE34-A776-4518-ADA2-E047E468B47B} = {06F63504-B0DA-4C13-8883-4F1906D72216}
		{BF2443B1-0709-4E8C-B9FF-B8785D9253E4} = {24011B5A-B3AF-4632-AB18-E8DB0F450C24}
	EndGlobalSection
	GlobalSection(ExtensibilityGlobals) = postSolution
		SolutionGuid = {4B2CDD0F-8494-4D69-8DE1-E534BE47B358}
	EndGlobalSection
EndGlobal
