
Microsoft Visual Studio Solution File, Format Version 12.00
# Visual Studio Version 18
VisualStudioVersion = 18.0.11217.181
MinimumVisualStudioVersion = 10.0.40219.1
Project("{2150E333-8FDC-42A3-9474-1A3956D46DE8}") = "SAM_Tas", "SAM_Tas", "{24011B5A-B3AF-4632-AB18-E8DB0F450C24}"
EndProject
Project("{9A19103F-16F7-4668-BE54-9A1E7A4F7556}") = "SAM.Core.Tas", "SAM_Tas\SAM.Core.Tas\SAM.Core.Tas.csproj", "{86DE2672-4961-4D74-A337-0933FDDAE79B}"
EndProject
Project("{9A19103F-16F7-4668-BE54-9A1E7A4F7556}") = "SAM.Analytical.Tas", "SAM_Tas\SAM.Analytical.Tas\SAM.Analytical.Tas.csproj", "{BF2443B1-0709-4E8C-B9FF-B8785D9253E4}"
EndProject
Project("{9A19103F-16F7-4668-BE54-9A1E7A4F7556}") = "SAM.Geometry.Tas", "SAM_Tas\SAM.Geometry.Tas\SAM.Geometry.Tas.csproj", "{913EAD72-BC27-4797-A95F-BEDF56428AB0}"
EndProject
Project("{9A19103F-16F7-4668-BE54-9A1E7A4F7556}") = "SAM.Weather.Tas", "SAM_Tas\SAM.Weather.Tas\SAM.Weather.Tas.csproj", "{D7AB37F9-A953-4B62-A55B-50CB13FF768B}"
EndProject
Project("{9A19103F-16F7-4668-BE54-9A1E7A4F7556}") = "SAM.Core.Tas.UKBR", "SAM_Tas\SAM.Core.Tas.UKBR\SAM.Core.Tas.UKBR.csproj", "{9FA85AD6-C49E-4BF7-BD25-4B55065B41EA}"
EndProject
Project("{9A19103F-16F7-4668-BE54-9A1E7A4F7556}") = "SAM.Analytical.Tas.TM59", "SAM_Tas\SAM.Analytical.Tas.TM59\SAM.Analytical.Tas.TM59.csproj", "{4B654CA7-B9EE-40A9-B7D3-C7FFED34CAA6}"
EndProject
Project("{9A19103F-16F7-4668-BE54-9A1E7A4F7556}") = "SAM.Analytical.Tas.SAP", "SAM_Tas\SAM.Analytical.Tas.SAP\SAM.Analytical.Tas.SAP.csproj", "{5CA0603E-7344-48D2-8E12-2D3D47E62630}"
EndProject
Project("{9A19103F-16F7-4668-BE54-9A1E7A4F7556}") = "SAM.Analytical.Tas.TPD", "SAM_Tas\SAM.Analytical.Tas.TPD\SAM.Analytical.Tas.TPD.csproj", "{93A77EB6-BA52-429F-A985-E399E5873932}"
EndProject
Project("{9A19103F-16F7-4668-BE54-9A1E7A4F7556}") = "SAM.Analytical.Tas.GenOpt", "SAM_Tas\SAM.Analytical.Tas.GenOpt\SAM.Analytical.Tas.GenOpt.csproj", "{C586179C-2D45-43FC-BDD9-BC4A8D85EC7D}"
EndProject
Project("{FAE04EC0-301F-11D3-BF4B-00C04F79EFBC}") = "SAM.Analytical.Tas.TM59.Tests", "SAM_Tas\SAM.Analytical.Tas.TM59.Tests\SAM.Analytical.Tas.TM59.Tests.csproj", "{EE66D6EA-E3C2-41BC-BF38-8EEB154AC59F}"
	ProjectSection(ProjectDependencies) = postProject
		{4B654CA7-B9EE-40A9-B7D3-C7FFED34CAA6} = {4B654CA7-B9EE-40A9-B7D3-C7FFED34CAA6}
	EndProjectSection
EndProject
Project("{2150E333-8FDC-42A3-9474-1A3956D46DE8}") = "Solution Items", "Solution Items", "{FD7CE742-7F52-437D-9835-9421716F6F5E}"
	ProjectSection(SolutionItems) = preProject
		.editorconfig = .editorconfig
	EndProjectSection
EndProject
Project("{2150E333-8FDC-42A3-9474-1A3956D46DE8}") = "benchmark", "benchmark", "{09EED85C-BE3C-7566-DC0E-2E8E43466740}"
EndProject
Project("{FAE04EC0-301F-11D3-BF4B-00C04F79EFBC}") = "SAM.Analytical.Tas.Benchmark", "benchmark\SAM.Analytical.Tas.Benchmark\SAM.Analytical.Tas.Benchmark.csproj", "{9D712D32-1850-4BC5-AAE6-AEAC8D9125FC}"
EndProject
Project("{FAE04EC0-301F-11D3-BF4B-00C04F79EFBC}") = "SAM.Analytical.Tas.Benchmark.Cli", "benchmark\SAM.Analytical.Tas.Benchmark.Cli\SAM.Analytical.Tas.Benchmark.Cli.csproj", "{DFA771E8-3E7A-491F-BD97-84179AC08117}"
EndProject
Project("{FAE04EC0-301F-11D3-BF4B-00C04F79EFBC}") = "SAM.Analytical.Tas.Benchmark.Tests", "benchmark\SAM.Analytical.Tas.Benchmark.Tests\SAM.Analytical.Tas.Benchmark.Tests.csproj", "{812ED061-14C1-4272-95A0-97C456A03958}"
EndProject
Global
	GlobalSection(SolutionConfigurationPlatforms) = preSolution
		Debug|Any CPU = Debug|Any CPU
		Debug|x64 = Debug|x64
		Debug|x86 = Debug|x86
		Release|Any CPU = Release|Any CPU
		Release|x64 = Release|x64
		Release|x86 = Release|x86
	EndGlobalSection
	GlobalSection(ProjectConfigurationPlatforms) = postSolution
		{86DE2672-4961-4D74-A337-0933FDDAE79B}.Debug|Any CPU.ActiveCfg = Debug|Any CPU
		{86DE2672-4961-4D74-A337-0933FDDAE79B}.Debug|Any CPU.Build.0 = Debug|Any CPU
		{86DE2672-4961-4D74-A337-0933FDDAE79B}.Debug|x64.ActiveCfg = Debug|Any CPU
		{86DE2672-4961-4D74-A337-0933FDDAE79B}.Debug|x64.Build.0 = Debug|Any CPU
		{86DE2672-4961-4D74-A337-0933FDDAE79B}.Debug|x86.ActiveCfg = Debug|Any CPU
		{86DE2672-4961-4D74-A337-0933FDDAE79B}.Debug|x86.Build.0 = Debug|Any CPU
		{86DE2672-4961-4D74-A337-0933FDDAE79B}.Release|Any CPU.ActiveCfg = Release|Any CPU
		{86DE2672-4961-4D74-A337-0933FDDAE79B}.Release|Any CPU.Build.0 = Release|Any CPU
		{86DE2672-4961-4D74-A337-0933FDDAE79B}.Release|x64.ActiveCfg = Release|Any CPU
		{86DE2672-4961-4D74-A337-0933FDDAE79B}.Release|x64.Build.0 = Release|Any CPU
		{86DE2672-4961-4D74-A337-0933FDDAE79B}.Release|x86.ActiveCfg = Release|Any CPU
		{86DE2672-4961-4D74-A337-0933FDDAE79B}.Release|x86.Build.0 = Release|Any CPU
		{BF2443B1-0709-4E8C-B9FF-B8785D9253E4}.Debug|Any CPU.ActiveCfg = Debug|Any CPU
		{BF2443B1-0709-4E8C-B9FF-B8785D9253E4}.Debug|Any CPU.Build.0 = Debug|Any CPU
		{BF2443B1-0709-4E8C-B9FF-B8785D9253E4}.Debug|x64.ActiveCfg = Debug|Any CPU
		{BF2443B1-0709-4E8C-B9FF-B8785D9253E4}.Debug|x64.Build.0 = Debug|Any CPU
		{BF2443B1-0709-4E8C-B9FF-B8785D9253E4}.Debug|x86.ActiveCfg = Debug|Any CPU
		{BF2443B1-0709-4E8C-B9FF-B8785D9253E4}.Debug|x86.Build.0 = Debug|Any CPU
		{BF2443B1-0709-4E8C-B9FF-B8785D9253E4}.Release|Any CPU.ActiveCfg = Release|Any CPU
		{BF2443B1-0709-4E8C-B9FF-B8785D9253E4}.Release|Any CPU.Build.0 = Release|Any CPU
		{BF2443B1-0709-4E8C-B9FF-B8785D9253E4}.Release|x64.ActiveCfg = Release|Any CPU
		{BF2443B1-0709-4E8C-B9FF-B8785D9253E4}.Release|x64.Build.0 = Release|Any CPU
		{BF2443B1-0709-4E8C-B9FF-B8785D9253E4}.Release|x86.ActiveCfg = Release|Any CPU
		{BF2443B1-0709-4E8C-B9FF-B8785D9253E4}.Release|x86.Build.0 = Release|Any CPU
		{913EAD72-BC27-4797-A95F-BEDF56428AB0}.Debug|Any CPU.ActiveCfg = Debug|Any CPU
		{913EAD72-BC27-4797-A95F-BEDF56428AB0}.Debug|Any CPU.Build.0 = Debug|Any CPU
		{913EAD72-BC27-4797-A95F-BEDF56428AB0}.Debug|x64.ActiveCfg = Debug|Any CPU
		{913EAD72-BC27-4797-A95F-BEDF56428AB0}.Debug|x64.Build.0 = Debug|Any CPU
		{913EAD72-BC27-4797-A95F-BEDF56428AB0}.Debug|x86.ActiveCfg = Debug|Any CPU
		{913EAD72-BC27-4797-A95F-BEDF56428AB0}.Debug|x86.Build.0 = Debug|Any CPU
		{913EAD72-BC27-4797-A95F-BEDF56428AB0}.Release|Any CPU.ActiveCfg = Release|Any CPU
		{913EAD72-BC27-4797-A95F-BEDF56428AB0}.Release|Any CPU.Build.0 = Release|Any CPU
		{913EAD72-BC27-4797-A95F-BEDF56428AB0}.Release|x64.ActiveCfg = Release|Any CPU
		{913EAD72-BC27-4797-A95F-BEDF56428AB0}.Release|x64.Build.0 = Release|Any CPU
		{913EAD72-BC27-4797-A95F-BEDF56428AB0}.Release|x86.ActiveCfg = Release|Any CPU
		{913EAD72-BC27-4797-A95F-BEDF56428AB0}.Release|x86.Build.0 = Release|Any CPU
		{D7AB37F9-A953-4B62-A55B-50CB13FF768B}.Debug|Any CPU.ActiveCfg = Debug|Any CPU
		{D7AB37F9-A953-4B62-A55B-50CB13FF768B}.Debug|Any CPU.Build.0 = Debug|Any CPU
		{D7AB37F9-A953-4B62-A55B-50CB13FF768B}.Debug|x64.ActiveCfg = Debug|Any CPU
		{D7AB37F9-A953-4B62-A55B-50CB13FF768B}.Debug|x64.Build.0 = Debug|Any CPU
		{D7AB37F9-A953-4B62-A55B-50CB13FF768B}.Debug|x86.ActiveCfg = Debug|Any CPU
		{D7AB37F9-A953-4B62-A55B-50CB13FF768B}.Debug|x86.Build.0 = Debug|Any CPU
		{D7AB37F9-A953-4B62-A55B-50CB13FF768B}.Release|Any CPU.ActiveCfg = Release|Any CPU
		{D7AB37F9-A953-4B62-A55B-50CB13FF768B}.Release|Any CPU.Build.0 = Release|Any CPU
		{D7AB37F9-A953-4B62-A55B-50CB13FF768B}.Release|x64.ActiveCfg = Release|Any CPU
		{D7AB37F9-A953-4B62-A55B-50CB13FF768B}.Release|x64.Build.0 = Release|Any CPU
		{D7AB37F9-A953-4B62-A55B-50CB13FF768B}.Release|x86.ActiveCfg = Release|Any CPU
		{D7AB37F9-A953-4B62-A55B-50CB13FF768B}.Release|x86.Build.0 = Release|Any CPU
		{9FA85AD6-C49E-4BF7-BD25-4B55065B41EA}.Debug|Any CPU.ActiveCfg = Debug|Any CPU
		{9FA85AD6-C49E-4BF7-BD25-4B55065B41EA}.Debug|Any CPU.Build.0 = Debug|Any CPU
		{9FA85AD6-C49E-4BF7-BD25-4B55065B41EA}.Debug|x64.ActiveCfg = Debug|Any CPU
		{9FA85AD6-C49E-4BF7-BD25-4B55065B41EA}.Debug|x64.Build.0 = Debug|Any CPU
		{9FA85AD6-C49E-4BF7-BD25-4B55065B41EA}.Debug|x86.ActiveCfg = Debug|Any CPU
		{9FA85AD6-C49E-4BF7-BD25-4B55065B41EA}.Debug|x86.Build.0 = Debug|Any CPU
		{9FA85AD6-C49E-4BF7-BD25-4B55065B41EA}.Release|Any CPU.ActiveCfg = Release|Any CPU
		{9FA85AD6-C49E-4BF7-BD25-4B55065B41EA}.Release|Any CPU.Build.0 = Release|Any CPU
		{9FA85AD6-C49E-4BF7-BD25-4B55065B41EA}.Release|x64.ActiveCfg = Release|Any CPU
		{9FA85AD6-C49E-4BF7-BD25-4B55065B41EA}.Release|x64.Build.0 = Release|Any CPU
		{9FA85AD6-C49E-4BF7-BD25-4B55065B41EA}.Release|x86.ActiveCfg = Release|Any CPU
		{9FA85AD6-C49E-4BF7-BD25-4B55065B41EA}.Release|x86.Build.0 = Release|Any CPU
		{4B654CA7-B9EE-40A9-B7D3-C7FFED34CAA6}.Debug|Any CPU.ActiveCfg = Debug|Any CPU
		{4B654CA7-B9EE-40A9-B7D3-C7FFED34CAA6}.Debug|Any CPU.Build.0 = Debug|Any CPU
		{4B654CA7-B9EE-40A9-B7D3-C7FFED34CAA6}.Debug|x64.ActiveCfg = Debug|Any CPU
		{4B654CA7-B9EE-40A9-B7D3-C7FFED34CAA6}.Debug|x64.Build.0 = Debug|Any CPU
		{4B654CA7-B9EE-40A9-B7D3-C7FFED34CAA6}.Debug|x86.ActiveCfg = Debug|Any CPU
		{4B654CA7-B9EE-40A9-B7D3-C7FFED34CAA6}.Debug|x86.Build.0 = Debug|Any CPU
		{4B654CA7-B9EE-40A9-B7D3-C7FFED34CAA6}.Release|Any CPU.ActiveCfg = Release|Any CPU
		{4B654CA7-B9EE-40A9-B7D3-C7FFED34CAA6}.Release|Any CPU.Build.0 = Release|Any CPU
		{4B654CA7-B9EE-40A9-B7D3-C7FFED34CAA6}.Release|x64.ActiveCfg = Release|Any CPU
		{4B654CA7-B9EE-40A9-B7D3-C7FFED34CAA6}.Release|x64.Build.0 = Release|Any CPU
		{4B654CA7-B9EE-40A9-B7D3-C7FFED34CAA6}.Release|x86.ActiveCfg = Release|Any CPU
		{4B654CA7-B9EE-40A9-B7D3-C7FFED34CAA6}.Release|x86.Build.0 = Release|Any CPU
		{5CA0603E-7344-48D2-8E12-2D3D47E62630}.Debug|Any CPU.ActiveCfg = Debug|Any CPU
		{5CA0603E-7344-48D2-8E12-2D3D47E62630}.Debug|Any CPU.Build.0 = Debug|Any CPU
		{5CA0603E-7344-48D2-8E12-2D3D47E62630}.Debug|x64.ActiveCfg = Debug|Any CPU
		{5CA0603E-7344-48D2-8E12-2D3D47E62630}.Debug|x64.Build.0 = Debug|Any CPU
		{5CA0603E-7344-48D2-8E12-2D3D47E62630}.Debug|x86.ActiveCfg = Debug|Any CPU
		{5CA0603E-7344-48D2-8E12-2D3D47E62630}.Debug|x86.Build.0 = Debug|Any CPU
		{5CA0603E-7344-48D2-8E12-2D3D47E62630}.Release|Any CPU.ActiveCfg = Release|Any CPU
		{5CA0603E-7344-48D2-8E12-2D3D47E62630}.Release|Any CPU.Build.0 = Release|Any CPU
		{5CA0603E-7344-48D2-8E12-2D3D47E62630}.Release|x64.ActiveCfg = Release|Any CPU
		{5CA0603E-7344-48D2-8E12-2D3D47E62630}.Release|x64.Build.0 = Release|Any CPU
		{5CA0603E-7344-48D2-8E12-2D3D47E62630}.Release|x86.ActiveCfg = Release|Any CPU
		{5CA0603E-7344-48D2-8E12-2D3D47E62630}.Release|x86.Build.0 = Release|Any CPU
		{93A77EB6-BA52-429F-A985-E399E5873932}.Debug|Any CPU.ActiveCfg = Debug|Any CPU
		{93A77EB6-BA52-429F-A985-E399E5873932}.Debug|Any CPU.Build.0 = Debug|Any CPU
		{93A77EB6-BA52-429F-A985-E399E5873932}.Debug|x64.ActiveCfg = Debug|Any CPU
		{93A77EB6-BA52-429F-A985-E399E5873932}.Debug|x64.Build.0 = Debug|Any CPU
		{93A77EB6-BA52-429F-A985-E399E5873932}.Debug|x86.ActiveCfg = Debug|Any CPU
		{93A77EB6-BA52-429F-A985-E399E5873932}.Debug|x86.Build.0 = Debug|Any CPU
		{93A77EB6-BA52-429F-A985-E399E5873932}.Release|Any CPU.ActiveCfg = Release|Any CPU
		{93A77EB6-BA52-429F-A985-E399E5873932}.Release|Any CPU.Build.0 = Release|Any CPU
		{93A77EB6-BA52-429F-A985-E399E5873932}.Release|x64.ActiveCfg = Release|Any CPU
		{93A77EB6-BA52-429F-A985-E399E5873932}.Release|x64.Build.0 = Release|Any CPU
		{93A77EB6-BA52-429F-A985-E399E5873932}.Release|x86.ActiveCfg = Release|Any CPU
		{93A77EB6-BA52-429F-A985-E399E5873932}.Release|x86.Build.0 = Release|Any CPU
		{C586179C-2D45-43FC-BDD9-BC4A8D85EC7D}.Debug|Any CPU.ActiveCfg = Debug|Any CPU
		{C586179C-2D45-43FC-BDD9-BC4A8D85EC7D}.Debug|Any CPU.Build.0 = Debug|Any CPU
		{C586179C-2D45-43FC-BDD9-BC4A8D85EC7D}.Debug|x64.ActiveCfg = Debug|Any CPU
		{C586179C-2D45-43FC-BDD9-BC4A8D85EC7D}.Debug|x64.Build.0 = Debug|Any CPU
		{C586179C-2D45-43FC-BDD9-BC4A8D85EC7D}.Debug|x86.ActiveCfg = Debug|Any CPU
		{C586179C-2D45-43FC-BDD9-BC4A8D85EC7D}.Debug|x86.Build.0 = Debug|Any CPU
		{C586179C-2D45-43FC-BDD9-BC4A8D85EC7D}.Release|Any CPU.ActiveCfg = Release|Any CPU
		{C586179C-2D45-43FC-BDD9-BC4A8D85EC7D}.Release|Any CPU.Build.0 = Release|Any CPU
		{C586179C-2D45-43FC-BDD9-BC4A8D85EC7D}.Release|x64.ActiveCfg = Release|Any CPU
		{C586179C-2D45-43FC-BDD9-BC4A8D85EC7D}.Release|x64.Build.0 = Release|Any CPU
		{C586179C-2D45-43FC-BDD9-BC4A8D85EC7D}.Release|x86.ActiveCfg = Release|Any CPU
		{C586179C-2D45-43FC-BDD9-BC4A8D85EC7D}.Release|x86.Build.0 = Release|Any CPU
		{9D712D32-1850-4BC5-AAE6-AEAC8D9125FC}.Debug|Any CPU.ActiveCfg = Debug|Any CPU
		{9D712D32-1850-4BC5-AAE6-AEAC8D9125FC}.Debug|Any CPU.Build.0 = Debug|Any CPU
		{9D712D32-1850-4BC5-AAE6-AEAC8D9125FC}.Debug|x64.ActiveCfg = Debug|Any CPU
		{9D712D32-1850-4BC5-AAE6-AEAC8D9125FC}.Debug|x64.Build.0 = Debug|Any CPU
		{9D712D32-1850-4BC5-AAE6-AEAC8D9125FC}.Debug|x86.ActiveCfg = Debug|Any CPU
		{9D712D32-1850-4BC5-AAE6-AEAC8D9125FC}.Debug|x86.Build.0 = Debug|Any CPU
		{9D712D32-1850-4BC5-AAE6-AEAC8D9125FC}.Release|Any CPU.ActiveCfg = Release|Any CPU
		{9D712D32-1850-4BC5-AAE6-AEAC8D9125FC}.Release|Any CPU.Build.0 = Release|Any CPU
		{9D712D32-1850-4BC5-AAE6-AEAC8D9125FC}.Release|x64.ActiveCfg = Release|Any CPU
		{9D712D32-1850-4BC5-AAE6-AEAC8D9125FC}.Release|x64.Build.0 = Release|Any CPU
		{9D712D32-1850-4BC5-AAE6-AEAC8D9125FC}.Release|x86.ActiveCfg = Release|Any CPU
		{9D712D32-1850-4BC5-AAE6-AEAC8D9125FC}.Release|x86.Build.0 = Release|Any CPU
		{DFA771E8-3E7A-491F-BD97-84179AC08117}.Debug|Any CPU.ActiveCfg = Debug|Any CPU
		{DFA771E8-3E7A-491F-BD97-84179AC08117}.Debug|Any CPU.Build.0 = Debug|Any CPU
		{DFA771E8-3E7A-491F-BD97-84179AC08117}.Debug|x64.ActiveCfg = Debug|Any CPU
		{DFA771E8-3E7A-491F-BD97-84179AC08117}.Debug|x64.Build.0 = Debug|Any CPU
		{DFA771E8-3E7A-491F-BD97-84179AC08117}.Debug|x86.ActiveCfg = Debug|Any CPU
		{DFA771E8-3E7A-491F-BD97-84179AC08117}.Debug|x86.Build.0 = Debug|Any CPU
		{DFA771E8-3E7A-491F-BD97-84179AC08117}.Release|Any CPU.ActiveCfg = Release|Any CPU
		{DFA771E8-3E7A-491F-BD97-84179AC08117}.Release|Any CPU.Build.0 = Release|Any CPU
		{DFA771E8-3E7A-491F-BD97-84179AC08117}.Release|x64.ActiveCfg = Release|Any CPU
		{DFA771E8-3E7A-491F-BD97-84179AC08117}.Release|x64.Build.0 = Release|Any CPU
		{DFA771E8-3E7A-491F-BD97-84179AC08117}.Release|x86.ActiveCfg = Release|Any CPU
		{DFA771E8-3E7A-491F-BD97-84179AC08117}.Release|x86.Build.0 = Release|Any CPU
		{812ED061-14C1-4272-95A0-97C456A03958}.Debug|Any CPU.ActiveCfg = Debug|Any CPU
		{812ED061-14C1-4272-95A0-97C456A03958}.Debug|Any CPU.Build.0 = Debug|Any CPU
		{812ED061-14C1-4272-95A0-97C456A03958}.Debug|x64.ActiveCfg = Debug|Any CPU
		{812ED061-14C1-4272-95A0-97C456A03958}.Debug|x64.Build.0 = Debug|Any CPU
		{812ED061-14C1-4272-95A0-97C456A03958}.Debug|x86.ActiveCfg = Debug|Any CPU
		{812ED061-14C1-4272-95A0-97C456A03958}.Debug|x86.Build.0 = Debug|Any CPU
		{812ED061-14C1-4272-95A0-97C456A03958}.Release|Any CPU.ActiveCfg = Release|Any CPU
		{812ED061-14C1-4272-95A0-97C456A03958}.Release|Any CPU.Build.0 = Release|Any CPU
		{812ED061-14C1-4272-95A0-97C456A03958}.Release|x64.ActiveCfg = Release|Any CPU
		{812ED061-14C1-4272-95A0-97C456A03958}.Release|x64.Build.0 = Release|Any CPU
		{812ED061-14C1-4272-95A0-97C456A03958}.Release|x86.ActiveCfg = Release|Any CPU
		{812ED061-14C1-4272-95A0-97C456A03958}.Release|x86.Build.0 = Release|Any CPU
		{EE66D6EA-E3C2-41BC-BF38-8EEB154AC59F}.Debug|Any CPU.ActiveCfg = Debug|Any CPU
		{EE66D6EA-E3C2-41BC-BF38-8EEB154AC59F}.Debug|Any CPU.Build.0 = Debug|Any CPU
		{EE66D6EA-E3C2-41BC-BF38-8EEB154AC59F}.Debug|x64.ActiveCfg = Debug|Any CPU
		{EE66D6EA-E3C2-41BC-BF38-8EEB154AC59F}.Debug|x64.Build.0 = Debug|Any CPU
		{EE66D6EA-E3C2-41BC-BF38-8EEB154AC59F}.Debug|x86.ActiveCfg = Debug|Any CPU
		{EE66D6EA-E3C2-41BC-BF38-8EEB154AC59F}.Debug|x86.Build.0 = Debug|Any CPU
		{EE66D6EA-E3C2-41BC-BF38-8EEB154AC59F}.Release|Any CPU.ActiveCfg = Release|Any CPU
		{EE66D6EA-E3C2-41BC-BF38-8EEB154AC59F}.Release|Any CPU.Build.0 = Release|Any CPU
		{EE66D6EA-E3C2-41BC-BF38-8EEB154AC59F}.Release|x64.ActiveCfg = Release|Any CPU
		{EE66D6EA-E3C2-41BC-BF38-8EEB154AC59F}.Release|x64.Build.0 = Release|Any CPU
		{EE66D6EA-E3C2-41BC-BF38-8EEB154AC59F}.Release|x86.ActiveCfg = Release|Any CPU
		{EE66D6EA-E3C2-41BC-BF38-8EEB154AC59F}.Release|x86.Build.0 = Release|Any CPU
	EndGlobalSection
	GlobalSection(SolutionProperties) = preSolution
		HideSolutionNode = FALSE
	EndGlobalSection
	GlobalSection(NestedProjects) = preSolution
		{86DE2672-4961-4D74-A337-0933FDDAE79B} = {24011B5A-B3AF-4632-AB18-E8DB0F450C24}
		{BF2443B1-0709-4E8C-B9FF-B8785D9253E4} = {24011B5A-B3AF-4632-AB18-E8DB0F450C24}
		{913EAD72-BC27-4797-A95F-BEDF56428AB0} = {24011B5A-B3AF-4632-AB18-E8DB0F450C24}
		{D7AB37F9-A953-4B62-A55B-50CB13FF768B} = {24011B5A-B3AF-4632-AB18-E8DB0F450C24}
		{9FA85AD6-C49E-4BF7-BD25-4B55065B41EA} = {24011B5A-B3AF-4632-AB18-E8DB0F450C24}
		{4B654CA7-B9EE-40A9-B7D3-C7FFED34CAA6} = {24011B5A-B3AF-4632-AB18-E8DB0F450C24}
		{5CA0603E-7344-48D2-8E12-2D3D47E62630} = {24011B5A-B3AF-4632-AB18-E8DB0F450C24}
		{93A77EB6-BA52-429F-A985-E399E5873932} = {24011B5A-B3AF-4632-AB18-E8DB0F450C24}
		{C586179C-2D45-43FC-BDD9-BC4A8D85EC7D} = {24011B5A-B3AF-4632-AB18-E8DB0F450C24}
		{EE66D6EA-E3C2-41BC-BF38-8EEB154AC59F} = {24011B5A-B3AF-4632-AB18-E8DB0F450C24}
		{9D712D32-1850-4BC5-AAE6-AEAC8D9125FC} = {09EED85C-BE3C-7566-DC0E-2E8E43466740}
		{DFA771E8-3E7A-491F-BD97-84179AC08117} = {09EED85C-BE3C-7566-DC0E-2E8E43466740}
		{812ED061-14C1-4272-95A0-97C456A03958} = {09EED85C-BE3C-7566-DC0E-2E8E43466740}
	EndGlobalSection
	GlobalSection(ExtensibilityGlobals) = postSolution
		SolutionGuid = {4B2CDD0F-8494-4D69-8DE1-E534BE47B358}
	EndGlobalSection
EndGlobal
